
Microsoft Visual Studio Solution File, Format Version 12.00
# Visual Studio Version 17
VisualStudioVersion = 17.4.33213.308
MinimumVisualStudioVersion = 10.0.40219.1
Project("{FAE04EC0-301F-11D3-BF4B-00C04F79EFBC}") = "ChatRoom", "ChatRoom\ChatRoom.csproj", "{5746D883-59EE-4431-AA43-80099A8BBD62}"
EndProject
Global
	GlobalSection(SolutionConfigurationPlatforms) = preSolution
		Debug|Any CPU = Debug|Any CPU
		Release|Any CPU = Release|Any CPU
	EndGlobalSection
	GlobalSection(ProjectConfigurationPlatforms) = postSolution
		{5746D883-59EE-4431-AA43-80099A8BBD62}.Debug|Any CPU.ActiveCfg = Debug|Any CPU
		{5746D883-59EE-4431-AA43-80099A8BBD62}.Debug|Any CPU.Build.0 = Debug|Any CPU
		{5746D883-59EE-4431-AA43-80099A8BBD62}.Release|Any CPU.ActiveCfg = Release|Any CPU
		{5746D883-59EE-4431-AA43-80099A8BBD62}.Release|Any CPU.Build.0 = Release|Any CPU
	EndGlobalSection
	GlobalSection(SolutionProperties) = preSolution
		HideSolutionNode = FALSE
	EndGlobalSection
	GlobalSection(ExtensibilityGlobals) = postSolution
		SolutionGuid = {A76F8715-6917-40FF-92C9-1620911FD00D}
	EndGlobalSection
EndGlobal
